# Generated by buf. DO NOT EDIT.
version: v2
deps:
  - name: buf.build/bufbuild/protovalidate
    commit: 50325440f8f24053b047484a6bf60b76
    digest: b5:74cb6f5c0853c3c10aafc701614194bbd63326bdb8ef4068214454b8894b03ba4113e04b3a33a8321cdf05336e37db4dc14a5e2495db8462566914f36086ba31
  - name: buf.build/googlecloudplatform/bq-schema-api
    commit: 21c7b1fb5fe846d281604e682d7107bf
    digest: b5:e63e2989f291e3a6d9362cc363692b68cba25d49efbce91cb3c545899fc43f247305dc39dd37e659f4ed382613cc5b853e497ae8c97473baf01e3375ca21c078
